
Microsoft Visual Studio Solution File, Format Version 12.00
# Visual Studio 14
VisualStudioVersion = 14.0.25420.1
MinimumVisualStudioVersion = 10.0.40219.1
Project("{FAE04EC0-301F-11D3-BF4B-00C04F79EFBC}") = "Domain", "Domain\Domain.csproj", "{4D60B98D-E114-44ED-A195-CC9CFF3E255F}"
EndProject
Project("{FAE04EC0-301F-11D3-BF4B-00C04F79EFBC}") = "Commands.Handlers", "Commands\Handlers\Commands.Handlers.csproj", "{65A9A69B-C58C-440C-828C-28AC5EB0F571}"
EndProject
Project("{2150E333-8FDC-42A3-9474-1A3956D46DE8}") = "Infrastructure", "Infrastructure", "{DFA55BA2-6609-4E61-83FD-8CA72411E233}"
EndProject
Project("{FAE04EC0-301F-11D3-BF4B-00C04F79EFBC}") = "Commands", "Commands\Commands\Commands.csproj", "{577B6988-5E7C-4E10-B144-1FCFDCFDF735}"
EndProject
Project("{FAE04EC0-301F-11D3-BF4B-00C04F79EFBC}") = "Events", "Events\Events\Events.csproj", "{B56B7E68-BB0F-4EA0-9E82-7FB97BE747FF}"
EndProject
Project("{FAE04EC0-301F-11D3-BF4B-00C04F79EFBC}") = "Infrastructure.CQRS.Domain", "Infrastructure\CQRS\Domain\Infrastructure.CQRS.Domain.csproj", "{E760A16C-8482-425D-977B-FB2287859FCC}"
EndProject
Project("{FAE04EC0-301F-11D3-BF4B-00C04F79EFBC}") = "Infrastructure.CQRS.Events.Subscribers", "Infrastructure\CQRS\Events\Subscribers\Infrastructure.CQRS.Events.Subscribers.csproj", "{A63AC8D5-C622-46CD-81C5-87D624D016FC}"
EndProject
Project("{FAE04EC0-301F-11D3-BF4B-00C04F79EFBC}") = "Infrastructure.CQRS.EventStore", "Infrastructure\CQRS\DataStores\EventStore\Infrastructure.CQRS.EventStore.csproj", "{B6039C89-0F93-4C5C-A4A2-36D9A6955E39}"
EndProject
Project("{FAE04EC0-301F-11D3-BF4B-00C04F79EFBC}") = "Infrastructure.CQRS.Commands.Repository", "Infrastructure\CQRS\Commands\Repository\Infrastructure.CQRS.Commands.Repository.csproj", "{8D4F88EC-ACD0-4C30-B4C2-87CF4B146C4B}"
EndProject
Project("{FAE04EC0-301F-11D3-BF4B-00C04F79EFBC}") = "Infrastructure.CQRS.Events", "Infrastructure\CQRS\Events\Events\Infrastructure.CQRS.Events.csproj", "{5DF68482-490B-4509-8C3A-C30E197C29F2}"
EndProject
Project("{FAE04EC0-301F-11D3-BF4B-00C04F79EFBC}") = "Infrastructure.CQRS.Commands", "Infrastructure\CQRS\Commands\Commands\Infrastructure.CQRS.Commands.csproj", "{F6A05DE5-7E7A-455E-BA1E-D9FBB27F634C}"
EndProject
Project("{FAE04EC0-301F-11D3-BF4B-00C04F79EFBC}") = "Infrastructure.CQRS.Events.Publisher", "Infrastructure\CQRS\Events\Publisher\Infrastructure.CQRS.Events.Publisher.csproj", "{807245C1-E8A7-4757-92EA-B67FEB279577}"
EndProject
Project("{FAE04EC0-301F-11D3-BF4B-00C04F79EFBC}") = "Infrastructure.CQRS.Commands.Bus", "Infrastructure\CQRS\Commands\Bus\Infrastructure.CQRS.Commands.Bus.csproj", "{BA37D4EC-9015-4F31-A08B-3CB76106568B}"
EndProject
Project("{2150E333-8FDC-42A3-9474-1A3956D46DE8}") = "Commands", "Commands", "{D047E5EA-3465-41F8-B939-5515F2143346}"
EndProject
Project("{2150E333-8FDC-42A3-9474-1A3956D46DE8}") = "Events", "Events", "{814F74F5-6EE4-47AF-9AC8-9425210B959E}"
EndProject
Project("{2150E333-8FDC-42A3-9474-1A3956D46DE8}") = "Commands", "Commands", "{0176613C-CBB7-4D2D-AE98-B512FF8AF1F9}"
EndProject
Project("{2150E333-8FDC-42A3-9474-1A3956D46DE8}") = "Events", "Events", "{7A69D30E-2038-4848-AEFB-FD9254012B74}"
EndProject
Project("{FAE04EC0-301F-11D3-BF4B-00C04F79EFBC}") = "Events.Subscribers", "Events\Subscribers\Events.Subscribers.csproj", "{CF005D8F-8C01-415F-806F-F47D21496047}"
EndProject
Project("{FAE04EC0-301F-11D3-BF4B-00C04F79EFBC}") = "Queries", "Queries\Queries\Queries.csproj", "{FE1C5DB2-C6C6-4DE5-B493-8320F0F20DF0}"
EndProject
Project("{2150E333-8FDC-42A3-9474-1A3956D46DE8}") = "CQRS", "CQRS", "{349179E8-ECE5-486A-9B95-9CE087099FAD}"
EndProject
Project("{2150E333-8FDC-42A3-9474-1A3956D46DE8}") = "InMemory", "InMemory", "{88718BB4-5DE5-4D17-B184-95E6351F9BA7}"
EndProject
Project("{2150E333-8FDC-42A3-9474-1A3956D46DE8}") = "Queries", "Queries", "{E4287056-2B3A-4DCF-99F7-C30BCF381F44}"
EndProject
Project("{FAE04EC0-301F-11D3-BF4B-00C04F79EFBC}") = "Infrastructure.CQRS.Queries", "Infrastructure\CQRS\Queries\Queries\Infrastructure.CQRS.Queries.csproj", "{EF3F935C-B901-487E-B35C-8B061B158213}"
EndProject
Project("{FAE04EC0-301F-11D3-BF4B-00C04F79EFBC}") = "Infrastructure.InMemory.EventStore", "Infrastructure\InMemory\DataStores\EventStore\Infrastructure.InMemory.EventStore.csproj", "{06833D5B-5CD0-492F-9E6E-20E419FE2B92}"
EndProject
Project("{FAE04EC0-301F-11D3-BF4B-00C04F79EFBC}") = "Infrastructure.InMemory.Events.Publisher", "Infrastructure\InMemory\Events\Publisher\Infrastructure.InMemory.Events.Publisher.csproj", "{A1F001B1-5093-494D-A04F-C7E4B65B320A}"
EndProject
Project("{2150E333-8FDC-42A3-9474-1A3956D46DE8}") = "Events", "Events", "{415C8BBF-0ADE-4C31-8F92-705E5BF02F72}"
EndProject
Project("{2150E333-8FDC-42A3-9474-1A3956D46DE8}") = "Commands", "Commands", "{FB5BA811-D4F9-4AE8-989B-95C405A8C718}"
EndProject
Project("{FAE04EC0-301F-11D3-BF4B-00C04F79EFBC}") = "Infrastructure.InMemory.Commands.Bus", "Infrastructure\InMemory\Commands\Bus\Infrastructure.InMemory.Commands.Bus.csproj", "{A56D573C-1257-416B-A86F-47D257207367}"
EndProject
Project("{FAE04EC0-301F-11D3-BF4B-00C04F79EFBC}") = "Infrastructure.CQRS.Commands.Handlers", "Infrastructure\CQRS\Commands\Handlers\Infrastructure.CQRS.Commands.Handlers.csproj", "{D9357F83-500F-46FB-8187-C36E009F1241}"
EndProject
Project("{2150E333-8FDC-42A3-9474-1A3956D46DE8}") = "Queries", "Queries", "{48AAD2D9-DC57-41F5-BEE6-D4036B180F37}"
EndProject
Project("{FAE04EC0-301F-11D3-BF4B-00C04F79EFBC}") = "Infrastructure.CQRS.ReadStore.DocumentDb", "Infrastructure\CQRS\DataStores\ReadStore\DocumentDb\Infrastructure.CQRS.ReadStore.DocumentDb.csproj", "{749EB67F-25AC-46E3-A449-1F2AB0ABA360}"
EndProject
Project("{FAE04EC0-301F-11D3-BF4B-00C04F79EFBC}") = "Infrastructure.InMemory.ReadStore.DocumentDb", "Infrastructure\InMemory\DataStores\ReadStore\DocumentDb\Infrastructure.InMemory.ReadStore.DocumentDb.csproj", "{2F0EBC0C-7FAE-4A8B-BCA8-8BF0AB94E271}"
EndProject
Project("{2150E333-8FDC-42A3-9474-1A3956D46DE8}") = "DataStores", "DataStores", "{51BD317A-B291-4E5D-BC89-6EE93645B996}"
EndProject
Project("{2150E333-8FDC-42A3-9474-1A3956D46DE8}") = "DataStores", "DataStores", "{AB6CD916-B4AF-4677-B93D-75B6AB60BA5E}"
EndProject
Project("{FAE04EC0-301F-11D3-BF4B-00C04F79EFBC}") = "Infrastructure.CQRS.Queries.Handlers", "Infrastructure\CQRS\Queries\Handlers\Infrastructure.CQRS.Queries.Handlers.csproj", "{097A57E3-FC95-449D-A76D-22D0276ECC74}"
EndProject
Project("{FAE04EC0-301F-11D3-BF4B-00C04F79EFBC}") = "Infrastructure.CQRS.Queries.Processor", "Infrastructure\CQRS\Queries\Processor\Infrastructure.CQRS.Queries.Processor.csproj", "{902CADBA-1B3F-4E31-A6CE-5071FE68CE78}"
EndProject
Project("{FAE04EC0-301F-11D3-BF4B-00C04F79EFBC}") = "Queries.Handlers", "Queries\Handlers\Queries.Handlers.csproj", "{DBA41501-346B-4AE6-8D65-982AAA63E58E}"
EndProject
Project("{FAE04EC0-301F-11D3-BF4B-00C04F79EFBC}") = "Web", "Web\Web.csproj", "{F29C1905-F1A2-4F24-84D9-97CC74122ED6}"
EndProject
Global
	GlobalSection(SolutionConfigurationPlatforms) = preSolution
		Debug|Any CPU = Debug|Any CPU
		Debug|Mixed Platforms = Debug|Mixed Platforms
		Debug|x86 = Debug|x86
		Release|Any CPU = Release|Any CPU
		Release|Mixed Platforms = Release|Mixed Platforms
		Release|x86 = Release|x86
	EndGlobalSection
	GlobalSection(ProjectConfigurationPlatforms) = postSolution
		{4D60B98D-E114-44ED-A195-CC9CFF3E255F}.Debug|Any CPU.ActiveCfg = Debug|Any CPU
		{4D60B98D-E114-44ED-A195-CC9CFF3E255F}.Debug|Any CPU.Build.0 = Debug|Any CPU
		{4D60B98D-E114-44ED-A195-CC9CFF3E255F}.Debug|Mixed Platforms.ActiveCfg = Debug|Any CPU
		{4D60B98D-E114-44ED-A195-CC9CFF3E255F}.Debug|Mixed Platforms.Build.0 = Debug|Any CPU
		{4D60B98D-E114-44ED-A195-CC9CFF3E255F}.Debug|x86.ActiveCfg = Debug|Any CPU
		{4D60B98D-E114-44ED-A195-CC9CFF3E255F}.Debug|x86.Build.0 = Debug|Any CPU
		{4D60B98D-E114-44ED-A195-CC9CFF3E255F}.Release|Any CPU.ActiveCfg = Release|Any CPU
		{4D60B98D-E114-44ED-A195-CC9CFF3E255F}.Release|Any CPU.Build.0 = Release|Any CPU
		{4D60B98D-E114-44ED-A195-CC9CFF3E255F}.Release|Mixed Platforms.ActiveCfg = Release|Any CPU
		{4D60B98D-E114-44ED-A195-CC9CFF3E255F}.Release|Mixed Platforms.Build.0 = Release|Any CPU
		{4D60B98D-E114-44ED-A195-CC9CFF3E255F}.Release|x86.ActiveCfg = Release|Any CPU
		{4D60B98D-E114-44ED-A195-CC9CFF3E255F}.Release|x86.Build.0 = Release|Any CPU
		{65A9A69B-C58C-440C-828C-28AC5EB0F571}.Debug|Any CPU.ActiveCfg = Debug|Any CPU
		{65A9A69B-C58C-440C-828C-28AC5EB0F571}.Debug|Any CPU.Build.0 = Debug|Any CPU
		{65A9A69B-C58C-440C-828C-28AC5EB0F571}.Debug|Mixed Platforms.ActiveCfg = Debug|Any CPU
		{65A9A69B-C58C-440C-828C-28AC5EB0F571}.Debug|Mixed Platforms.Build.0 = Debug|Any CPU
		{65A9A69B-C58C-440C-828C-28AC5EB0F571}.Debug|x86.ActiveCfg = Debug|Any CPU
		{65A9A69B-C58C-440C-828C-28AC5EB0F571}.Debug|x86.Build.0 = Debug|Any CPU
		{65A9A69B-C58C-440C-828C-28AC5EB0F571}.Release|Any CPU.ActiveCfg = Release|Any CPU
		{65A9A69B-C58C-440C-828C-28AC5EB0F571}.Release|Any CPU.Build.0 = Release|Any CPU
		{65A9A69B-C58C-440C-828C-28AC5EB0F571}.Release|Mixed Platforms.ActiveCfg = Release|Any CPU
		{65A9A69B-C58C-440C-828C-28AC5EB0F571}.Release|Mixed Platforms.Build.0 = Release|Any CPU
		{65A9A69B-C58C-440C-828C-28AC5EB0F571}.Release|x86.ActiveCfg = Release|Any CPU
		{65A9A69B-C58C-440C-828C-28AC5EB0F571}.Release|x86.Build.0 = Release|Any CPU
		{577B6988-5E7C-4E10-B144-1FCFDCFDF735}.Debug|Any CPU.ActiveCfg = Debug|Any CPU
		{577B6988-5E7C-4E10-B144-1FCFDCFDF735}.Debug|Any CPU.Build.0 = Debug|Any CPU
		{577B6988-5E7C-4E10-B144-1FCFDCFDF735}.Debug|Mixed Platforms.ActiveCfg = Debug|Any CPU
		{577B6988-5E7C-4E10-B144-1FCFDCFDF735}.Debug|Mixed Platforms.Build.0 = Debug|Any CPU
		{577B6988-5E7C-4E10-B144-1FCFDCFDF735}.Debug|x86.ActiveCfg = Debug|Any CPU
		{577B6988-5E7C-4E10-B144-1FCFDCFDF735}.Debug|x86.Build.0 = Debug|Any CPU
		{577B6988-5E7C-4E10-B144-1FCFDCFDF735}.Release|Any CPU.ActiveCfg = Release|Any CPU
		{577B6988-5E7C-4E10-B144-1FCFDCFDF735}.Release|Any CPU.Build.0 = Release|Any CPU
		{577B6988-5E7C-4E10-B144-1FCFDCFDF735}.Release|Mixed Platforms.ActiveCfg = Release|Any CPU
		{577B6988-5E7C-4E10-B144-1FCFDCFDF735}.Release|Mixed Platforms.Build.0 = Release|Any CPU
		{577B6988-5E7C-4E10-B144-1FCFDCFDF735}.Release|x86.ActiveCfg = Release|Any CPU
		{577B6988-5E7C-4E10-B144-1FCFDCFDF735}.Release|x86.Build.0 = Release|Any CPU
		{B56B7E68-BB0F-4EA0-9E82-7FB97BE747FF}.Debug|Any CPU.ActiveCfg = Debug|Any CPU
		{B56B7E68-BB0F-4EA0-9E82-7FB97BE747FF}.Debug|Any CPU.Build.0 = Debug|Any CPU
		{B56B7E68-BB0F-4EA0-9E82-7FB97BE747FF}.Debug|Mixed Platforms.ActiveCfg = Debug|Any CPU
		{B56B7E68-BB0F-4EA0-9E82-7FB97BE747FF}.Debug|Mixed Platforms.Build.0 = Debug|Any CPU
		{B56B7E68-BB0F-4EA0-9E82-7FB97BE747FF}.Debug|x86.ActiveCfg = Debug|Any CPU
		{B56B7E68-BB0F-4EA0-9E82-7FB97BE747FF}.Debug|x86.Build.0 = Debug|Any CPU
		{B56B7E68-BB0F-4EA0-9E82-7FB97BE747FF}.Release|Any CPU.ActiveCfg = Release|Any CPU
		{B56B7E68-BB0F-4EA0-9E82-7FB97BE747FF}.Release|Any CPU.Build.0 = Release|Any CPU
		{B56B7E68-BB0F-4EA0-9E82-7FB97BE747FF}.Release|Mixed Platforms.ActiveCfg = Release|Any CPU
		{B56B7E68-BB0F-4EA0-9E82-7FB97BE747FF}.Release|Mixed Platforms.Build.0 = Release|Any CPU
		{B56B7E68-BB0F-4EA0-9E82-7FB97BE747FF}.Release|x86.ActiveCfg = Release|Any CPU
		{B56B7E68-BB0F-4EA0-9E82-7FB97BE747FF}.Release|x86.Build.0 = Release|Any CPU
		{E760A16C-8482-425D-977B-FB2287859FCC}.Debug|Any CPU.ActiveCfg = Debug|Any CPU
		{E760A16C-8482-425D-977B-FB2287859FCC}.Debug|Any CPU.Build.0 = Debug|Any CPU
		{E760A16C-8482-425D-977B-FB2287859FCC}.Debug|Mixed Platforms.ActiveCfg = Debug|Any CPU
		{E760A16C-8482-425D-977B-FB2287859FCC}.Debug|Mixed Platforms.Build.0 = Debug|Any CPU
		{E760A16C-8482-425D-977B-FB2287859FCC}.Debug|x86.ActiveCfg = Debug|Any CPU
		{E760A16C-8482-425D-977B-FB2287859FCC}.Debug|x86.Build.0 = Debug|Any CPU
		{E760A16C-8482-425D-977B-FB2287859FCC}.Release|Any CPU.ActiveCfg = Release|Any CPU
		{E760A16C-8482-425D-977B-FB2287859FCC}.Release|Any CPU.Build.0 = Release|Any CPU
		{E760A16C-8482-425D-977B-FB2287859FCC}.Release|Mixed Platforms.ActiveCfg = Release|Any CPU
		{E760A16C-8482-425D-977B-FB2287859FCC}.Release|Mixed Platforms.Build.0 = Release|Any CPU
		{E760A16C-8482-425D-977B-FB2287859FCC}.Release|x86.ActiveCfg = Release|Any CPU
		{E760A16C-8482-425D-977B-FB2287859FCC}.Release|x86.Build.0 = Release|Any CPU
		{A63AC8D5-C622-46CD-81C5-87D624D016FC}.Debug|Any CPU.ActiveCfg = Debug|Any CPU
		{A63AC8D5-C622-46CD-81C5-87D624D016FC}.Debug|Any CPU.Build.0 = Debug|Any CPU
		{A63AC8D5-C622-46CD-81C5-87D624D016FC}.Debug|Mixed Platforms.ActiveCfg = Debug|Any CPU
		{A63AC8D5-C622-46CD-81C5-87D624D016FC}.Debug|Mixed Platforms.Build.0 = Debug|Any CPU
		{A63AC8D5-C622-46CD-81C5-87D624D016FC}.Debug|x86.ActiveCfg = Debug|Any CPU
		{A63AC8D5-C622-46CD-81C5-87D624D016FC}.Debug|x86.Build.0 = Debug|Any CPU
		{A63AC8D5-C622-46CD-81C5-87D624D016FC}.Release|Any CPU.ActiveCfg = Release|Any CPU
		{A63AC8D5-C622-46CD-81C5-87D624D016FC}.Release|Any CPU.Build.0 = Release|Any CPU
		{A63AC8D5-C622-46CD-81C5-87D624D016FC}.Release|Mixed Platforms.ActiveCfg = Release|Any CPU
		{A63AC8D5-C622-46CD-81C5-87D624D016FC}.Release|Mixed Platforms.Build.0 = Release|Any CPU
		{A63AC8D5-C622-46CD-81C5-87D624D016FC}.Release|x86.ActiveCfg = Release|Any CPU
		{A63AC8D5-C622-46CD-81C5-87D624D016FC}.Release|x86.Build.0 = Release|Any CPU
		{B6039C89-0F93-4C5C-A4A2-36D9A6955E39}.Debug|Any CPU.ActiveCfg = Debug|Any CPU
		{B6039C89-0F93-4C5C-A4A2-36D9A6955E39}.Debug|Any CPU.Build.0 = Debug|Any CPU
		{B6039C89-0F93-4C5C-A4A2-36D9A6955E39}.Debug|Mixed Platforms.ActiveCfg = Debug|Any CPU
		{B6039C89-0F93-4C5C-A4A2-36D9A6955E39}.Debug|Mixed Platforms.Build.0 = Debug|Any CPU
		{B6039C89-0F93-4C5C-A4A2-36D9A6955E39}.Debug|x86.ActiveCfg = Debug|Any CPU
		{B6039C89-0F93-4C5C-A4A2-36D9A6955E39}.Debug|x86.Build.0 = Debug|Any CPU
		{B6039C89-0F93-4C5C-A4A2-36D9A6955E39}.Release|Any CPU.ActiveCfg = Release|Any CPU
		{B6039C89-0F93-4C5C-A4A2-36D9A6955E39}.Release|Any CPU.Build.0 = Release|Any CPU
		{B6039C89-0F93-4C5C-A4A2-36D9A6955E39}.Release|Mixed Platforms.ActiveCfg = Release|Any CPU
		{B6039C89-0F93-4C5C-A4A2-36D9A6955E39}.Release|Mixed Platforms.Build.0 = Release|Any CPU
		{B6039C89-0F93-4C5C-A4A2-36D9A6955E39}.Release|x86.ActiveCfg = Release|Any CPU
		{B6039C89-0F93-4C5C-A4A2-36D9A6955E39}.Release|x86.Build.0 = Release|Any CPU
		{8D4F88EC-ACD0-4C30-B4C2-87CF4B146C4B}.Debug|Any CPU.ActiveCfg = Debug|Any CPU
		{8D4F88EC-ACD0-4C30-B4C2-87CF4B146C4B}.Debug|Any CPU.Build.0 = Debug|Any CPU
		{8D4F88EC-ACD0-4C30-B4C2-87CF4B146C4B}.Debug|Mixed Platforms.ActiveCfg = Debug|Any CPU
		{8D4F88EC-ACD0-4C30-B4C2-87CF4B146C4B}.Debug|Mixed Platforms.Build.0 = Debug|Any CPU
		{8D4F88EC-ACD0-4C30-B4C2-87CF4B146C4B}.Debug|x86.ActiveCfg = Debug|Any CPU
		{8D4F88EC-ACD0-4C30-B4C2-87CF4B146C4B}.Debug|x86.Build.0 = Debug|Any CPU
		{8D4F88EC-ACD0-4C30-B4C2-87CF4B146C4B}.Release|Any CPU.ActiveCfg = Release|Any CPU
		{8D4F88EC-ACD0-4C30-B4C2-87CF4B146C4B}.Release|Any CPU.Build.0 = Release|Any CPU
		{8D4F88EC-ACD0-4C30-B4C2-87CF4B146C4B}.Release|Mixed Platforms.ActiveCfg = Release|Any CPU
		{8D4F88EC-ACD0-4C30-B4C2-87CF4B146C4B}.Release|Mixed Platforms.Build.0 = Release|Any CPU
		{8D4F88EC-ACD0-4C30-B4C2-87CF4B146C4B}.Release|x86.ActiveCfg = Release|Any CPU
		{8D4F88EC-ACD0-4C30-B4C2-87CF4B146C4B}.Release|x86.Build.0 = Release|Any CPU
		{5DF68482-490B-4509-8C3A-C30E197C29F2}.Debug|Any CPU.ActiveCfg = Debug|Any CPU
		{5DF68482-490B-4509-8C3A-C30E197C29F2}.Debug|Any CPU.Build.0 = Debug|Any CPU
		{5DF68482-490B-4509-8C3A-C30E197C29F2}.Debug|Mixed Platforms.ActiveCfg = Debug|Any CPU
		{5DF68482-490B-4509-8C3A-C30E197C29F2}.Debug|Mixed Platforms.Build.0 = Debug|Any CPU
		{5DF68482-490B-4509-8C3A-C30E197C29F2}.Debug|x86.ActiveCfg = Debug|Any CPU
		{5DF68482-490B-4509-8C3A-C30E197C29F2}.Debug|x86.Build.0 = Debug|Any CPU
		{5DF68482-490B-4509-8C3A-C30E197C29F2}.Release|Any CPU.ActiveCfg = Release|Any CPU
		{5DF68482-490B-4509-8C3A-C30E197C29F2}.Release|Any CPU.Build.0 = Release|Any CPU
		{5DF68482-490B-4509-8C3A-C30E197C29F2}.Release|Mixed Platforms.ActiveCfg = Release|Any CPU
		{5DF68482-490B-4509-8C3A-C30E197C29F2}.Release|Mixed Platforms.Build.0 = Release|Any CPU
		{5DF68482-490B-4509-8C3A-C30E197C29F2}.Release|x86.ActiveCfg = Release|Any CPU
		{5DF68482-490B-4509-8C3A-C30E197C29F2}.Release|x86.Build.0 = Release|Any CPU
		{F6A05DE5-7E7A-455E-BA1E-D9FBB27F634C}.Debug|Any CPU.ActiveCfg = Debug|Any CPU
		{F6A05DE5-7E7A-455E-BA1E-D9FBB27F634C}.Debug|Any CPU.Build.0 = Debug|Any CPU
		{F6A05DE5-7E7A-455E-BA1E-D9FBB27F634C}.Debug|Mixed Platforms.ActiveCfg = Debug|Any CPU
		{F6A05DE5-7E7A-455E-BA1E-D9FBB27F634C}.Debug|Mixed Platforms.Build.0 = Debug|Any CPU
		{F6A05DE5-7E7A-455E-BA1E-D9FBB27F634C}.Debug|x86.ActiveCfg = Debug|Any CPU
		{F6A05DE5-7E7A-455E-BA1E-D9FBB27F634C}.Debug|x86.Build.0 = Debug|Any CPU
		{F6A05DE5-7E7A-455E-BA1E-D9FBB27F634C}.Release|Any CPU.ActiveCfg = Release|Any CPU
		{F6A05DE5-7E7A-455E-BA1E-D9FBB27F634C}.Release|Any CPU.Build.0 = Release|Any CPU
		{F6A05DE5-7E7A-455E-BA1E-D9FBB27F634C}.Release|Mixed Platforms.ActiveCfg = Release|Any CPU
		{F6A05DE5-7E7A-455E-BA1E-D9FBB27F634C}.Release|Mixed Platforms.Build.0 = Release|Any CPU
		{F6A05DE5-7E7A-455E-BA1E-D9FBB27F634C}.Release|x86.ActiveCfg = Release|Any CPU
		{F6A05DE5-7E7A-455E-BA1E-D9FBB27F634C}.Release|x86.Build.0 = Release|Any CPU
		{807245C1-E8A7-4757-92EA-B67FEB279577}.Debug|Any CPU.ActiveCfg = Debug|Any CPU
		{807245C1-E8A7-4757-92EA-B67FEB279577}.Debug|Any CPU.Build.0 = Debug|Any CPU
		{807245C1-E8A7-4757-92EA-B67FEB279577}.Debug|Mixed Platforms.ActiveCfg = Debug|Any CPU
		{807245C1-E8A7-4757-92EA-B67FEB279577}.Debug|Mixed Platforms.Build.0 = Debug|Any CPU
		{807245C1-E8A7-4757-92EA-B67FEB279577}.Debug|x86.ActiveCfg = Debug|Any CPU
		{807245C1-E8A7-4757-92EA-B67FEB279577}.Debug|x86.Build.0 = Debug|Any CPU
		{807245C1-E8A7-4757-92EA-B67FEB279577}.Release|Any CPU.ActiveCfg = Release|Any CPU
		{807245C1-E8A7-4757-92EA-B67FEB279577}.Release|Any CPU.Build.0 = Release|Any CPU
		{807245C1-E8A7-4757-92EA-B67FEB279577}.Release|Mixed Platforms.ActiveCfg = Release|Any CPU
		{807245C1-E8A7-4757-92EA-B67FEB279577}.Release|Mixed Platforms.Build.0 = Release|Any CPU
		{807245C1-E8A7-4757-92EA-B67FEB279577}.Release|x86.ActiveCfg = Release|Any CPU
		{807245C1-E8A7-4757-92EA-B67FEB279577}.Release|x86.Build.0 = Release|Any CPU
		{BA37D4EC-9015-4F31-A08B-3CB76106568B}.Debug|Any CPU.ActiveCfg = Debug|Any CPU
		{BA37D4EC-9015-4F31-A08B-3CB76106568B}.Debug|Any CPU.Build.0 = Debug|Any CPU
		{BA37D4EC-9015-4F31-A08B-3CB76106568B}.Debug|Mixed Platforms.ActiveCfg = Debug|Any CPU
		{BA37D4EC-9015-4F31-A08B-3CB76106568B}.Debug|Mixed Platforms.Build.0 = Debug|Any CPU
		{BA37D4EC-9015-4F31-A08B-3CB76106568B}.Debug|x86.ActiveCfg = Debug|Any CPU
		{BA37D4EC-9015-4F31-A08B-3CB76106568B}.Debug|x86.Build.0 = Debug|Any CPU
		{BA37D4EC-9015-4F31-A08B-3CB76106568B}.Release|Any CPU.ActiveCfg = Release|Any CPU
		{BA37D4EC-9015-4F31-A08B-3CB76106568B}.Release|Any CPU.Build.0 = Release|Any CPU
		{BA37D4EC-9015-4F31-A08B-3CB76106568B}.Release|Mixed Platforms.ActiveCfg = Release|Any CPU
		{BA37D4EC-9015-4F31-A08B-3CB76106568B}.Release|Mixed Platforms.Build.0 = Release|Any CPU
		{BA37D4EC-9015-4F31-A08B-3CB76106568B}.Release|x86.ActiveCfg = Release|Any CPU
		{BA37D4EC-9015-4F31-A08B-3CB76106568B}.Release|x86.Build.0 = Release|Any CPU
		{CF005D8F-8C01-415F-806F-F47D21496047}.Debug|Any CPU.ActiveCfg = Debug|Any CPU
		{CF005D8F-8C01-415F-806F-F47D21496047}.Debug|Any CPU.Build.0 = Debug|Any CPU
		{CF005D8F-8C01-415F-806F-F47D21496047}.Debug|Mixed Platforms.ActiveCfg = Debug|Any CPU
		{CF005D8F-8C01-415F-806F-F47D21496047}.Debug|Mixed Platforms.Build.0 = Debug|Any CPU
		{CF005D8F-8C01-415F-806F-F47D21496047}.Debug|x86.ActiveCfg = Debug|Any CPU
		{CF005D8F-8C01-415F-806F-F47D21496047}.Debug|x86.Build.0 = Debug|Any CPU
		{CF005D8F-8C01-415F-806F-F47D21496047}.Release|Any CPU.ActiveCfg = Release|Any CPU
		{CF005D8F-8C01-415F-806F-F47D21496047}.Release|Any CPU.Build.0 = Release|Any CPU
		{CF005D8F-8C01-415F-806F-F47D21496047}.Release|Mixed Platforms.ActiveCfg = Release|Any CPU
		{CF005D8F-8C01-415F-806F-F47D21496047}.Release|Mixed Platforms.Build.0 = Release|Any CPU
		{CF005D8F-8C01-415F-806F-F47D21496047}.Release|x86.ActiveCfg = Release|Any CPU
		{CF005D8F-8C01-415F-806F-F47D21496047}.Release|x86.Build.0 = Release|Any CPU
		{FE1C5DB2-C6C6-4DE5-B493-8320F0F20DF0}.Debug|Any CPU.ActiveCfg = Debug|Any CPU
		{FE1C5DB2-C6C6-4DE5-B493-8320F0F20DF0}.Debug|Any CPU.Build.0 = Debug|Any CPU
		{FE1C5DB2-C6C6-4DE5-B493-8320F0F20DF0}.Debug|Mixed Platforms.ActiveCfg = Debug|Any CPU
		{FE1C5DB2-C6C6-4DE5-B493-8320F0F20DF0}.Debug|Mixed Platforms.Build.0 = Debug|Any CPU
		{FE1C5DB2-C6C6-4DE5-B493-8320F0F20DF0}.Debug|x86.ActiveCfg = Debug|Any CPU
		{FE1C5DB2-C6C6-4DE5-B493-8320F0F20DF0}.Debug|x86.Build.0 = Debug|Any CPU
		{FE1C5DB2-C6C6-4DE5-B493-8320F0F20DF0}.Release|Any CPU.ActiveCfg = Release|Any CPU
		{FE1C5DB2-C6C6-4DE5-B493-8320F0F20DF0}.Release|Any CPU.Build.0 = Release|Any CPU
		{FE1C5DB2-C6C6-4DE5-B493-8320F0F20DF0}.Release|Mixed Platforms.ActiveCfg = Release|Any CPU
		{FE1C5DB2-C6C6-4DE5-B493-8320F0F20DF0}.Release|Mixed Platforms.Build.0 = Release|Any CPU
		{FE1C5DB2-C6C6-4DE5-B493-8320F0F20DF0}.Release|x86.ActiveCfg = Release|Any CPU
		{FE1C5DB2-C6C6-4DE5-B493-8320F0F20DF0}.Release|x86.Build.0 = Release|Any CPU
		{EF3F935C-B901-487E-B35C-8B061B158213}.Debug|Any CPU.ActiveCfg = Debug|Any CPU
		{EF3F935C-B901-487E-B35C-8B061B158213}.Debug|Any CPU.Build.0 = Debug|Any CPU
		{EF3F935C-B901-487E-B35C-8B061B158213}.Debug|Mixed Platforms.ActiveCfg = Debug|Any CPU
		{EF3F935C-B901-487E-B35C-8B061B158213}.Debug|Mixed Platforms.Build.0 = Debug|Any CPU
		{EF3F935C-B901-487E-B35C-8B061B158213}.Debug|x86.ActiveCfg = Debug|Any CPU
		{EF3F935C-B901-487E-B35C-8B061B158213}.Debug|x86.Build.0 = Debug|Any CPU
		{EF3F935C-B901-487E-B35C-8B061B158213}.Release|Any CPU.ActiveCfg = Release|Any CPU
		{EF3F935C-B901-487E-B35C-8B061B158213}.Release|Any CPU.Build.0 = Release|Any CPU
		{EF3F935C-B901-487E-B35C-8B061B158213}.Release|Mixed Platforms.ActiveCfg = Release|Any CPU
		{EF3F935C-B901-487E-B35C-8B061B158213}.Release|Mixed Platforms.Build.0 = Release|Any CPU
		{EF3F935C-B901-487E-B35C-8B061B158213}.Release|x86.ActiveCfg = Release|Any CPU
		{EF3F935C-B901-487E-B35C-8B061B158213}.Release|x86.Build.0 = Release|Any CPU
		{06833D5B-5CD0-492F-9E6E-20E419FE2B92}.Debug|Any CPU.ActiveCfg = Debug|Any CPU
		{06833D5B-5CD0-492F-9E6E-20E419FE2B92}.Debug|Any CPU.Build.0 = Debug|Any CPU
		{06833D5B-5CD0-492F-9E6E-20E419FE2B92}.Debug|Mixed Platforms.ActiveCfg = Debug|Any CPU
		{06833D5B-5CD0-492F-9E6E-20E419FE2B92}.Debug|Mixed Platforms.Build.0 = Debug|Any CPU
		{06833D5B-5CD0-492F-9E6E-20E419FE2B92}.Debug|x86.ActiveCfg = Debug|Any CPU
		{06833D5B-5CD0-492F-9E6E-20E419FE2B92}.Debug|x86.Build.0 = Debug|Any CPU
		{06833D5B-5CD0-492F-9E6E-20E419FE2B92}.Release|Any CPU.ActiveCfg = Release|Any CPU
		{06833D5B-5CD0-492F-9E6E-20E419FE2B92}.Release|Any CPU.Build.0 = Release|Any CPU
		{06833D5B-5CD0-492F-9E6E-20E419FE2B92}.Release|Mixed Platforms.ActiveCfg = Release|Any CPU
		{06833D5B-5CD0-492F-9E6E-20E419FE2B92}.Release|Mixed Platforms.Build.0 = Release|Any CPU
		{06833D5B-5CD0-492F-9E6E-20E419FE2B92}.Release|x86.ActiveCfg = Release|Any CPU
		{06833D5B-5CD0-492F-9E6E-20E419FE2B92}.Release|x86.Build.0 = Release|Any CPU
		{A1F001B1-5093-494D-A04F-C7E4B65B320A}.Debug|Any CPU.ActiveCfg = Debug|Any CPU
		{A1F001B1-5093-494D-A04F-C7E4B65B320A}.Debug|Any CPU.Build.0 = Debug|Any CPU
		{A1F001B1-5093-494D-A04F-C7E4B65B320A}.Debug|Mixed Platforms.ActiveCfg = Debug|Any CPU
		{A1F001B1-5093-494D-A04F-C7E4B65B320A}.Debug|Mixed Platforms.Build.0 = Debug|Any CPU
		{A1F001B1-5093-494D-A04F-C7E4B65B320A}.Debug|x86.ActiveCfg = Debug|Any CPU
		{A1F001B1-5093-494D-A04F-C7E4B65B320A}.Debug|x86.Build.0 = Debug|Any CPU
		{A1F001B1-5093-494D-A04F-C7E4B65B320A}.Release|Any CPU.ActiveCfg = Release|Any CPU
		{A1F001B1-5093-494D-A04F-C7E4B65B320A}.Release|Any CPU.Build.0 = Release|Any CPU
		{A1F001B1-5093-494D-A04F-C7E4B65B320A}.Release|Mixed Platforms.ActiveCfg = Release|Any CPU
		{A1F001B1-5093-494D-A04F-C7E4B65B320A}.Release|Mixed Platforms.Build.0 = Release|Any CPU
		{A1F001B1-5093-494D-A04F-C7E4B65B320A}.Release|x86.ActiveCfg = Release|Any CPU
		{A1F001B1-5093-494D-A04F-C7E4B65B320A}.Release|x86.Build.0 = Release|Any CPU
		{A56D573C-1257-416B-A86F-47D257207367}.Debug|Any CPU.ActiveCfg = Debug|Any CPU
		{A56D573C-1257-416B-A86F-47D257207367}.Debug|Any CPU.Build.0 = Debug|Any CPU
		{A56D573C-1257-416B-A86F-47D257207367}.Debug|Mixed Platforms.ActiveCfg = Debug|Any CPU
		{A56D573C-1257-416B-A86F-47D257207367}.Debug|Mixed Platforms.Build.0 = Debug|Any CPU
		{A56D573C-1257-416B-A86F-47D257207367}.Debug|x86.ActiveCfg = Debug|Any CPU
		{A56D573C-1257-416B-A86F-47D257207367}.Debug|x86.Build.0 = Debug|Any CPU
		{A56D573C-1257-416B-A86F-47D257207367}.Release|Any CPU.ActiveCfg = Release|Any CPU
		{A56D573C-1257-416B-A86F-47D257207367}.Release|Any CPU.Build.0 = Release|Any CPU
		{A56D573C-1257-416B-A86F-47D257207367}.Release|Mixed Platforms.ActiveCfg = Release|Any CPU
		{A56D573C-1257-416B-A86F-47D257207367}.Release|Mixed Platforms.Build.0 = Release|Any CPU
		{A56D573C-1257-416B-A86F-47D257207367}.Release|x86.ActiveCfg = Release|Any CPU
		{A56D573C-1257-416B-A86F-47D257207367}.Release|x86.Build.0 = Release|Any CPU
		{D9357F83-500F-46FB-8187-C36E009F1241}.Debug|Any CPU.ActiveCfg = Debug|Any CPU
		{D9357F83-500F-46FB-8187-C36E009F1241}.Debug|Any CPU.Build.0 = Debug|Any CPU
		{D9357F83-500F-46FB-8187-C36E009F1241}.Debug|Mixed Platforms.ActiveCfg = Debug|Any CPU
		{D9357F83-500F-46FB-8187-C36E009F1241}.Debug|Mixed Platforms.Build.0 = Debug|Any CPU
		{D9357F83-500F-46FB-8187-C36E009F1241}.Debug|x86.ActiveCfg = Debug|Any CPU
		{D9357F83-500F-46FB-8187-C36E009F1241}.Debug|x86.Build.0 = Debug|Any CPU
		{D9357F83-500F-46FB-8187-C36E009F1241}.Release|Any CPU.ActiveCfg = Release|Any CPU
		{D9357F83-500F-46FB-8187-C36E009F1241}.Release|Any CPU.Build.0 = Release|Any CPU
		{D9357F83-500F-46FB-8187-C36E009F1241}.Release|Mixed Platforms.ActiveCfg = Release|Any CPU
		{D9357F83-500F-46FB-8187-C36E009F1241}.Release|Mixed Platforms.Build.0 = Release|Any CPU
		{D9357F83-500F-46FB-8187-C36E009F1241}.Release|x86.ActiveCfg = Release|Any CPU
		{D9357F83-500F-46FB-8187-C36E009F1241}.Release|x86.Build.0 = Release|Any CPU
		{749EB67F-25AC-46E3-A449-1F2AB0ABA360}.Debug|Any CPU.ActiveCfg = Debug|Any CPU
		{749EB67F-25AC-46E3-A449-1F2AB0ABA360}.Debug|Any CPU.Build.0 = Debug|Any CPU
		{749EB67F-25AC-46E3-A449-1F2AB0ABA360}.Debug|Mixed Platforms.ActiveCfg = Debug|Any CPU
		{749EB67F-25AC-46E3-A449-1F2AB0ABA360}.Debug|Mixed Platforms.Build.0 = Debug|Any CPU
		{749EB67F-25AC-46E3-A449-1F2AB0ABA360}.Debug|x86.ActiveCfg = Debug|Any CPU
		{749EB67F-25AC-46E3-A449-1F2AB0ABA360}.Debug|x86.Build.0 = Debug|Any CPU
		{749EB67F-25AC-46E3-A449-1F2AB0ABA360}.Release|Any CPU.ActiveCfg = Release|Any CPU
		{749EB67F-25AC-46E3-A449-1F2AB0ABA360}.Release|Any CPU.Build.0 = Release|Any CPU
		{749EB67F-25AC-46E3-A449-1F2AB0ABA360}.Release|Mixed Platforms.ActiveCfg = Release|Any CPU
		{749EB67F-25AC-46E3-A449-1F2AB0ABA360}.Release|Mixed Platforms.Build.0 = Release|Any CPU
		{749EB67F-25AC-46E3-A449-1F2AB0ABA360}.Release|x86.ActiveCfg = Release|Any CPU
		{749EB67F-25AC-46E3-A449-1F2AB0ABA360}.Release|x86.Build.0 = Release|Any CPU
		{2F0EBC0C-7FAE-4A8B-BCA8-8BF0AB94E271}.Debug|Any CPU.ActiveCfg = Debug|Any CPU
		{2F0EBC0C-7FAE-4A8B-BCA8-8BF0AB94E271}.Debug|Any CPU.Build.0 = Debug|Any CPU
		{2F0EBC0C-7FAE-4A8B-BCA8-8BF0AB94E271}.Debug|Mixed Platforms.ActiveCfg = Debug|Any CPU
		{2F0EBC0C-7FAE-4A8B-BCA8-8BF0AB94E271}.Debug|Mixed Platforms.Build.0 = Debug|Any CPU
		{2F0EBC0C-7FAE-4A8B-BCA8-8BF0AB94E271}.Debug|x86.ActiveCfg = Debug|Any CPU
		{2F0EBC0C-7FAE-4A8B-BCA8-8BF0AB94E271}.Debug|x86.Build.0 = Debug|Any CPU
		{2F0EBC0C-7FAE-4A8B-BCA8-8BF0AB94E271}.Release|Any CPU.ActiveCfg = Release|Any CPU
		{2F0EBC0C-7FAE-4A8B-BCA8-8BF0AB94E271}.Release|Any CPU.Build.0 = Release|Any CPU
		{2F0EBC0C-7FAE-4A8B-BCA8-8BF0AB94E271}.Release|Mixed Platforms.ActiveCfg = Release|Any CPU
		{2F0EBC0C-7FAE-4A8B-BCA8-8BF0AB94E271}.Release|Mixed Platforms.Build.0 = Release|Any CPU
		{2F0EBC0C-7FAE-4A8B-BCA8-8BF0AB94E271}.Release|x86.ActiveCfg = Release|Any CPU
		{2F0EBC0C-7FAE-4A8B-BCA8-8BF0AB94E271}.Release|x86.Build.0 = Release|Any CPU
		{097A57E3-FC95-449D-A76D-22D0276ECC74}.Debug|Any CPU.ActiveCfg = Debug|Any CPU
		{097A57E3-FC95-449D-A76D-22D0276ECC74}.Debug|Any CPU.Build.0 = Debug|Any CPU
		{097A57E3-FC95-449D-A76D-22D0276ECC74}.Debug|Mixed Platforms.ActiveCfg = Debug|Any CPU
		{097A57E3-FC95-449D-A76D-22D0276ECC74}.Debug|Mixed Platforms.Build.0 = Debug|Any CPU
		{097A57E3-FC95-449D-A76D-22D0276ECC74}.Debug|x86.ActiveCfg = Debug|Any CPU
		{097A57E3-FC95-449D-A76D-22D0276ECC74}.Debug|x86.Build.0 = Debug|Any CPU
		{097A57E3-FC95-449D-A76D-22D0276ECC74}.Release|Any CPU.ActiveCfg = Release|Any CPU
		{097A57E3-FC95-449D-A76D-22D0276ECC74}.Release|Any CPU.Build.0 = Release|Any CPU
		{097A57E3-FC95-449D-A76D-22D0276ECC74}.Release|Mixed Platforms.ActiveCfg = Release|Any CPU
		{097A57E3-FC95-449D-A76D-22D0276ECC74}.Release|Mixed Platforms.Build.0 = Release|Any CPU
		{097A57E3-FC95-449D-A76D-22D0276ECC74}.Release|x86.ActiveCfg = Release|Any CPU
		{097A57E3-FC95-449D-A76D-22D0276ECC74}.Release|x86.Build.0 = Release|Any CPU
		{902CADBA-1B3F-4E31-A6CE-5071FE68CE78}.Debug|Any CPU.ActiveCfg = Debug|Any CPU
		{902CADBA-1B3F-4E31-A6CE-5071FE68CE78}.Debug|Any CPU.Build.0 = Debug|Any CPU
		{902CADBA-1B3F-4E31-A6CE-5071FE68CE78}.Debug|Mixed Platforms.ActiveCfg = Debug|Any CPU
		{902CADBA-1B3F-4E31-A6CE-5071FE68CE78}.Debug|Mixed Platforms.Build.0 = Debug|Any CPU
		{902CADBA-1B3F-4E31-A6CE-5071FE68CE78}.Debug|x86.ActiveCfg = Debug|Any CPU
		{902CADBA-1B3F-4E31-A6CE-5071FE68CE78}.Debug|x86.Build.0 = Debug|Any CPU
		{902CADBA-1B3F-4E31-A6CE-5071FE68CE78}.Release|Any CPU.ActiveCfg = Release|Any CPU
		{902CADBA-1B3F-4E31-A6CE-5071FE68CE78}.Release|Any CPU.Build.0 = Release|Any CPU
		{902CADBA-1B3F-4E31-A6CE-5071FE68CE78}.Release|Mixed Platforms.ActiveCfg = Release|Any CPU
		{902CADBA-1B3F-4E31-A6CE-5071FE68CE78}.Release|Mixed Platforms.Build.0 = Release|Any CPU
		{902CADBA-1B3F-4E31-A6CE-5071FE68CE78}.Release|x86.ActiveCfg = Release|Any CPU
		{902CADBA-1B3F-4E31-A6CE-5071FE68CE78}.Release|x86.Build.0 = Release|Any CPU
		{DBA41501-346B-4AE6-8D65-982AAA63E58E}.Debug|Any CPU.ActiveCfg = Debug|Any CPU
		{DBA41501-346B-4AE6-8D65-982AAA63E58E}.Debug|Any CPU.Build.0 = Debug|Any CPU
		{DBA41501-346B-4AE6-8D65-982AAA63E58E}.Debug|Mixed Platforms.ActiveCfg = Debug|Any CPU
		{DBA41501-346B-4AE6-8D65-982AAA63E58E}.Debug|Mixed Platforms.Build.0 = Debug|Any CPU
		{DBA41501-346B-4AE6-8D65-982AAA63E58E}.Debug|x86.ActiveCfg = Debug|Any CPU
		{DBA41501-346B-4AE6-8D65-982AAA63E58E}.Debug|x86.Build.0 = Debug|Any CPU
		{DBA41501-346B-4AE6-8D65-982AAA63E58E}.Release|Any CPU.ActiveCfg = Release|Any CPU
		{DBA41501-346B-4AE6-8D65-982AAA63E58E}.Release|Any CPU.Build.0 = Release|Any CPU
		{DBA41501-346B-4AE6-8D65-982AAA63E58E}.Release|Mixed Platforms.ActiveCfg = Release|Any CPU
		{DBA41501-346B-4AE6-8D65-982AAA63E58E}.Release|Mixed Platforms.Build.0 = Release|Any CPU
		{DBA41501-346B-4AE6-8D65-982AAA63E58E}.Release|x86.ActiveCfg = Release|Any CPU
		{DBA41501-346B-4AE6-8D65-982AAA63E58E}.Release|x86.Build.0 = Release|Any CPU
		{F29C1905-F1A2-4F24-84D9-97CC74122ED6}.Debug|Any CPU.ActiveCfg = Debug|Any CPU
		{F29C1905-F1A2-4F24-84D9-97CC74122ED6}.Debug|Any CPU.Build.0 = Debug|Any CPU
		{F29C1905-F1A2-4F24-84D9-97CC74122ED6}.Debug|Mixed Platforms.ActiveCfg = Debug|Any CPU
		{F29C1905-F1A2-4F24-84D9-97CC74122ED6}.Debug|Mixed Platforms.Build.0 = Debug|Any CPU
		{F29C1905-F1A2-4F24-84D9-97CC74122ED6}.Debug|x86.ActiveCfg = Debug|Any CPU
		{F29C1905-F1A2-4F24-84D9-97CC74122ED6}.Debug|x86.Build.0 = Debug|Any CPU
		{F29C1905-F1A2-4F24-84D9-97CC74122ED6}.Release|Any CPU.ActiveCfg = Release|Any CPU
		{F29C1905-F1A2-4F24-84D9-97CC74122ED6}.Release|Any CPU.Build.0 = Release|Any CPU
		{F29C1905-F1A2-4F24-84D9-97CC74122ED6}.Release|Mixed Platforms.ActiveCfg = Release|Any CPU
		{F29C1905-F1A2-4F24-84D9-97CC74122ED6}.Release|Mixed Platforms.Build.0 = Release|Any CPU
		{F29C1905-F1A2-4F24-84D9-97CC74122ED6}.Release|x86.ActiveCfg = Release|Any CPU
		{F29C1905-F1A2-4F24-84D9-97CC74122ED6}.Release|x86.Build.0 = Release|Any CPU
	EndGlobalSection
	GlobalSection(SolutionProperties) = preSolution
		HideSolutionNode = FALSE
	EndGlobalSection
	GlobalSection(NestedProjects) = preSolution
		{65A9A69B-C58C-440C-828C-28AC5EB0F571} = {0176613C-CBB7-4D2D-AE98-B512FF8AF1F9}
		{577B6988-5E7C-4E10-B144-1FCFDCFDF735} = {0176613C-CBB7-4D2D-AE98-B512FF8AF1F9}
		{B56B7E68-BB0F-4EA0-9E82-7FB97BE747FF} = {7A69D30E-2038-4848-AEFB-FD9254012B74}
		{E760A16C-8482-425D-977B-FB2287859FCC} = {349179E8-ECE5-486A-9B95-9CE087099FAD}
		{A63AC8D5-C622-46CD-81C5-87D624D016FC} = {814F74F5-6EE4-47AF-9AC8-9425210B959E}
		{B6039C89-0F93-4C5C-A4A2-36D9A6955E39} = {51BD317A-B291-4E5D-BC89-6EE93645B996}
		{8D4F88EC-ACD0-4C30-B4C2-87CF4B146C4B} = {D047E5EA-3465-41F8-B939-5515F2143346}
		{5DF68482-490B-4509-8C3A-C30E197C29F2} = {814F74F5-6EE4-47AF-9AC8-9425210B959E}
		{F6A05DE5-7E7A-455E-BA1E-D9FBB27F634C} = {D047E5EA-3465-41F8-B939-5515F2143346}
		{807245C1-E8A7-4757-92EA-B67FEB279577} = {814F74F5-6EE4-47AF-9AC8-9425210B959E}
		{BA37D4EC-9015-4F31-A08B-3CB76106568B} = {D047E5EA-3465-41F8-B939-5515F2143346}
		{D047E5EA-3465-41F8-B939-5515F2143346} = {349179E8-ECE5-486A-9B95-9CE087099FAD}
		{814F74F5-6EE4-47AF-9AC8-9425210B959E} = {349179E8-ECE5-486A-9B95-9CE087099FAD}
		{CF005D8F-8C01-415F-806F-F47D21496047} = {7A69D30E-2038-4848-AEFB-FD9254012B74}
		{FE1C5DB2-C6C6-4DE5-B493-8320F0F20DF0} = {48AAD2D9-DC57-41F5-BEE6-D4036B180F37}
		{349179E8-ECE5-486A-9B95-9CE087099FAD} = {DFA55BA2-6609-4E61-83FD-8CA72411E233}
		{88718BB4-5DE5-4D17-B184-95E6351F9BA7} = {DFA55BA2-6609-4E61-83FD-8CA72411E233}
		{E4287056-2B3A-4DCF-99F7-C30BCF381F44} = {349179E8-ECE5-486A-9B95-9CE087099FAD}
		{EF3F935C-B901-487E-B35C-8B061B158213} = {E4287056-2B3A-4DCF-99F7-C30BCF381F44}
		{06833D5B-5CD0-492F-9E6E-20E419FE2B92} = {AB6CD916-B4AF-4677-B93D-75B6AB60BA5E}
		{A1F001B1-5093-494D-A04F-C7E4B65B320A} = {415C8BBF-0ADE-4C31-8F92-705E5BF02F72}
		{415C8BBF-0ADE-4C31-8F92-705E5BF02F72} = {88718BB4-5DE5-4D17-B184-95E6351F9BA7}
		{FB5BA811-D4F9-4AE8-989B-95C405A8C718} = {88718BB4-5DE5-4D17-B184-95E6351F9BA7}
		{A56D573C-1257-416B-A86F-47D257207367} = {FB5BA811-D4F9-4AE8-989B-95C405A8C718}
		{D9357F83-500F-46FB-8187-C36E009F1241} = {D047E5EA-3465-41F8-B939-5515F2143346}
		{749EB67F-25AC-46E3-A449-1F2AB0ABA360} = {51BD317A-B291-4E5D-BC89-6EE93645B996}
		{2F0EBC0C-7FAE-4A8B-BCA8-8BF0AB94E271} = {AB6CD916-B4AF-4677-B93D-75B6AB60BA5E}
		{51BD317A-B291-4E5D-BC89-6EE93645B996} = {349179E8-ECE5-486A-9B95-9CE087099FAD}
		{AB6CD916-B4AF-4677-B93D-75B6AB60BA5E} = {88718BB4-5DE5-4D17-B184-95E6351F9BA7}
		{097A57E3-FC95-449D-A76D-22D0276ECC74} = {E4287056-2B3A-4DCF-99F7-C30BCF381F44}
		{902CADBA-1B3F-4E31-A6CE-5071FE68CE78} = {E4287056-2B3A-4DCF-99F7-C30BCF381F44}
		{DBA41501-346B-4AE6-8D65-982AAA63E58E} = {48AAD2D9-DC57-41F5-BEE6-D4036B180F37}
	EndGlobalSection
	GlobalSection(MonoDevelopProperties) = preSolution
		StartupItem = SimpleCQRS\SimpleCQRS.csproj
	EndGlobalSection
EndGlobal
